
Microsoft Visual Studio Solution File, Format Version 12.00
# Visual Studio 15
VisualStudioVersion = 15.0.28010.2036
MinimumVisualStudioVersion = 10.0.40219.1
Project("{FAE04EC0-301F-11D3-BF4B-00C04F79EFBC}") = "IoTnxt.Device.Poc.Android", "IoTnxt.Device.Poc\IoTnxt.Device.Poc.Android\IoTnxt.Device.Poc.Android.csproj", "{C100F20F-9F04-4C1F-B6E4-34378BD8BE1E}"
EndProject
Project("{FAE04EC0-301F-11D3-BF4B-00C04F79EFBC}") = "IoTnxt.Device.Poc.iOS", "IoTnxt.Device.Poc\IoTnxt.Device.Poc.iOS\IoTnxt.Device.Poc.iOS.csproj", "{C4D7E96C-B217-48C9-A2D7-B4E4F61A1E4E}"
EndProject
Project("{FAE04EC0-301F-11D3-BF4B-00C04F79EFBC}") = "IoTnxt.Device.Poc", "IoTnxt.Device.Poc\IoTnxt.Device.Poc\IoTnxt.Device.Poc.csproj", "{EAD3AE15-5140-4BD9-AA16-621BC1E46CCB}"
EndProject
Project("{FAE04EC0-301F-11D3-BF4B-00C04F79EFBC}") = "IoTnxt.Device", "IoTnxt.Device\IoTnxt.Device.csproj", "{115AE300-BF16-4D97-90AD-9AF48EC04D71}"
EndProject
Project("{FAE04EC0-301F-11D3-BF4B-00C04F79EFBC}") = "IoTnxt.Device.MqttClient", "IoTnxt.Device.MqttClient\IoTnxt.Device.MqttClient.csproj", "{87910D70-E458-478D-B589-D98FB98E40EB}"
EndProject
Global
	GlobalSection(SolutionConfigurationPlatforms) = preSolution
		Ad-Hoc|Any CPU = Ad-Hoc|Any CPU
		Ad-Hoc|iPhone = Ad-Hoc|iPhone
		Ad-Hoc|iPhoneSimulator = Ad-Hoc|iPhoneSimulator
		AppStore|Any CPU = AppStore|Any CPU
		AppStore|iPhone = AppStore|iPhone
		AppStore|iPhoneSimulator = AppStore|iPhoneSimulator
		Debug|Any CPU = Debug|Any CPU
		Debug|iPhone = Debug|iPhone
		Debug|iPhoneSimulator = Debug|iPhoneSimulator
		Release|Any CPU = Release|Any CPU
		Release|iPhone = Release|iPhone
		Release|iPhoneSimulator = Release|iPhoneSimulator
	EndGlobalSection
	GlobalSection(ProjectConfigurationPlatforms) = postSolution
		{C100F20F-9F04-4C1F-B6E4-34378BD8BE1E}.Ad-Hoc|Any CPU.ActiveCfg = Release|Any CPU
		{C100F20F-9F04-4C1F-B6E4-34378BD8BE1E}.Ad-Hoc|Any CPU.Build.0 = Release|Any CPU
		{C100F20F-9F04-4C1F-B6E4-34378BD8BE1E}.Ad-Hoc|Any CPU.Deploy.0 = Release|Any CPU
		{C100F20F-9F04-4C1F-B6E4-34378BD8BE1E}.Ad-Hoc|iPhone.ActiveCfg = Release|Any CPU
		{C100F20F-9F04-4C1F-B6E4-34378BD8BE1E}.Ad-Hoc|iPhone.Build.0 = Release|Any CPU
		{C100F20F-9F04-4C1F-B6E4-34378BD8BE1E}.Ad-Hoc|iPhone.Deploy.0 = Release|Any CPU
		{C100F20F-9F04-4C1F-B6E4-34378BD8BE1E}.Ad-Hoc|iPhoneSimulator.ActiveCfg = Release|Any CPU
		{C100F20F-9F04-4C1F-B6E4-34378BD8BE1E}.Ad-Hoc|iPhoneSimulator.Build.0 = Release|Any CPU
		{C100F20F-9F04-4C1F-B6E4-34378BD8BE1E}.Ad-Hoc|iPhoneSimulator.Deploy.0 = Release|Any CPU
		{C100F20F-9F04-4C1F-B6E4-34378BD8BE1E}.AppStore|Any CPU.ActiveCfg = Release|Any CPU
		{C100F20F-9F04-4C1F-B6E4-34378BD8BE1E}.AppStore|Any CPU.Build.0 = Release|Any CPU
		{C100F20F-9F04-4C1F-B6E4-34378BD8BE1E}.AppStore|Any CPU.Deploy.0 = Release|Any CPU
		{C100F20F-9F04-4C1F-B6E4-34378BD8BE1E}.AppStore|iPhone.ActiveCfg = Release|Any CPU
		{C100F20F-9F04-4C1F-B6E4-34378BD8BE1E}.AppStore|iPhone.Build.0 = Release|Any CPU
		{C100F20F-9F04-4C1F-B6E4-34378BD8BE1E}.AppStore|iPhone.Deploy.0 = Release|Any CPU
		{C100F20F-9F04-4C1F-B6E4-34378BD8BE1E}.AppStore|iPhoneSimulator.ActiveCfg = Release|Any CPU
		{C100F20F-9F04-4C1F-B6E4-34378BD8BE1E}.AppStore|iPhoneSimulator.Build.0 = Release|Any CPU
		{C100F20F-9F04-4C1F-B6E4-34378BD8BE1E}.AppStore|iPhoneSimulator.Deploy.0 = Release|Any CPU
		{C100F20F-9F04-4C1F-B6E4-34378BD8BE1E}.Debug|Any CPU.ActiveCfg = Debug|Any CPU
		{C100F20F-9F04-4C1F-B6E4-34378BD8BE1E}.Debug|Any CPU.Build.0 = Debug|Any CPU
		{C100F20F-9F04-4C1F-B6E4-34378BD8BE1E}.Debug|Any CPU.Deploy.0 = Debug|Any CPU
		{C100F20F-9F04-4C1F-B6E4-34378BD8BE1E}.Debug|iPhone.ActiveCfg = Debug|Any CPU
		{C100F20F-9F04-4C1F-B6E4-34378BD8BE1E}.Debug|iPhone.Build.0 = Debug|Any CPU
		{C100F20F-9F04-4C1F-B6E4-34378BD8BE1E}.Debug|iPhone.Deploy.0 = Debug|Any CPU
		{C100F20F-9F04-4C1F-B6E4-34378BD8BE1E}.Debug|iPhoneSimulator.ActiveCfg = Debug|Any CPU
		{C100F20F-9F04-4C1F-B6E4-34378BD8BE1E}.Debug|iPhoneSimulator.Build.0 = Debug|Any CPU
		{C100F20F-9F04-4C1F-B6E4-34378BD8BE1E}.Debug|iPhoneSimulator.Deploy.0 = Debug|Any CPU
		{C100F20F-9F04-4C1F-B6E4-34378BD8BE1E}.Release|Any CPU.ActiveCfg = Release|Any CPU
		{C100F20F-9F04-4C1F-B6E4-34378BD8BE1E}.Release|Any CPU.Build.0 = Release|Any CPU
		{C100F20F-9F04-4C1F-B6E4-34378BD8BE1E}.Release|Any CPU.Deploy.0 = Release|Any CPU
		{C100F20F-9F04-4C1F-B6E4-34378BD8BE1E}.Release|iPhone.ActiveCfg = Release|Any CPU
		{C100F20F-9F04-4C1F-B6E4-34378BD8BE1E}.Release|iPhone.Build.0 = Release|Any CPU
		{C100F20F-9F04-4C1F-B6E4-34378BD8BE1E}.Release|iPhone.Deploy.0 = Release|Any CPU
		{C100F20F-9F04-4C1F-B6E4-34378BD8BE1E}.Release|iPhoneSimulator.ActiveCfg = Release|Any CPU
		{C100F20F-9F04-4C1F-B6E4-34378BD8BE1E}.Release|iPhoneSimulator.Build.0 = Release|Any CPU
		{C100F20F-9F04-4C1F-B6E4-34378BD8BE1E}.Release|iPhoneSimulator.Deploy.0 = Release|Any CPU
		{C4D7E96C-B217-48C9-A2D7-B4E4F61A1E4E}.Ad-Hoc|Any CPU.ActiveCfg = Ad-Hoc|iPhone
		{C4D7E96C-B217-48C9-A2D7-B4E4F61A1E4E}.Ad-Hoc|Any CPU.Build.0 = Ad-Hoc|iPhone
		{C4D7E96C-B217-48C9-A2D7-B4E4F61A1E4E}.Ad-Hoc|Any CPU.Deploy.0 = Ad-Hoc|iPhone
		{C4D7E96C-B217-48C9-A2D7-B4E4F61A1E4E}.Ad-Hoc|iPhone.ActiveCfg = Ad-Hoc|iPhone
		{C4D7E96C-B217-48C9-A2D7-B4E4F61A1E4E}.Ad-Hoc|iPhone.Build.0 = Ad-Hoc|iPhone
		{C4D7E96C-B217-48C9-A2D7-B4E4F61A1E4E}.Ad-Hoc|iPhone.Deploy.0 = Ad-Hoc|iPhone
		{C4D7E96C-B217-48C9-A2D7-B4E4F61A1E4E}.Ad-Hoc|iPhoneSimulator.ActiveCfg = Ad-Hoc|iPhoneSimulator
		{C4D7E96C-B217-48C9-A2D7-B4E4F61A1E4E}.Ad-Hoc|iPhoneSimulator.Build.0 = Ad-Hoc|iPhoneSimulator
		{C4D7E96C-B217-48C9-A2D7-B4E4F61A1E4E}.Ad-Hoc|iPhoneSimulator.Deploy.0 = Ad-Hoc|iPhoneSimulator
		{C4D7E96C-B217-48C9-A2D7-B4E4F61A1E4E}.AppStore|Any CPU.ActiveCfg = AppStore|iPhone
		{C4D7E96C-B217-48C9-A2D7-B4E4F61A1E4E}.AppStore|Any CPU.Build.0 = AppStore|iPhone
		{C4D7E96C-B217-48C9-A2D7-B4E4F61A1E4E}.AppStore|Any CPU.Deploy.0 = AppStore|iPhone
		{C4D7E96C-B217-48C9-A2D7-B4E4F61A1E4E}.AppStore|iPhone.ActiveCfg = AppStore|iPhone
		{C4D7E96C-B217-48C9-A2D7-B4E4F61A1E4E}.AppStore|iPhone.Build.0 = AppStore|iPhone
		{C4D7E96C-B217-48C9-A2D7-B4E4F61A1E4E}.AppStore|iPhone.Deploy.0 = AppStore|iPhone
		{C4D7E96C-B217-48C9-A2D7-B4E4F61A1E4E}.AppStore|iPhoneSimulator.ActiveCfg = AppStore|iPhoneSimulator
		{C4D7E96C-B217-48C9-A2D7-B4E4F61A1E4E}.AppStore|iPhoneSimulator.Build.0 = AppStore|iPhoneSimulator
		{C4D7E96C-B217-48C9-A2D7-B4E4F61A1E4E}.AppStore|iPhoneSimulator.Deploy.0 = AppStore|iPhoneSimulator
		{C4D7E96C-B217-48C9-A2D7-B4E4F61A1E4E}.Debug|Any CPU.ActiveCfg = Debug|iPhoneSimulator
		{C4D7E96C-B217-48C9-A2D7-B4E4F61A1E4E}.Debug|Any CPU.Build.0 = Debug|iPhoneSimulator
		{C4D7E96C-B217-48C9-A2D7-B4E4F61A1E4E}.Debug|Any CPU.Deploy.0 = Debug|iPhoneSimulator
		{C4D7E96C-B217-48C9-A2D7-B4E4F61A1E4E}.Debug|iPhone.ActiveCfg = Debug|iPhone
		{C4D7E96C-B217-48C9-A2D7-B4E4F61A1E4E}.Debug|iPhone.Build.0 = Debug|iPhone
		{C4D7E96C-B217-48C9-A2D7-B4E4F61A1E4E}.Debug|iPhone.Deploy.0 = Debug|iPhone
		{C4D7E96C-B217-48C9-A2D7-B4E4F61A1E4E}.Debug|iPhoneSimulator.ActiveCfg = Debug|iPhoneSimulator
		{C4D7E96C-B217-48C9-A2D7-B4E4F61A1E4E}.Debug|iPhoneSimulator.Build.0 = Debug|iPhoneSimulator
		{C4D7E96C-B217-48C9-A2D7-B4E4F61A1E4E}.Debug|iPhoneSimulator.Deploy.0 = Debug|iPhoneSimulator
		{C4D7E96C-B217-48C9-A2D7-B4E4F61A1E4E}.Release|Any CPU.ActiveCfg = Release|iPhone
		{C4D7E96C-B217-48C9-A2D7-B4E4F61A1E4E}.Release|Any CPU.Build.0 = Release|iPhone
		{C4D7E96C-B217-48C9-A2D7-B4E4F61A1E4E}.Release|Any CPU.Deploy.0 = Release|iPhone
		{C4D7E96C-B217-48C9-A2D7-B4E4F61A1E4E}.Release|iPhone.ActiveCfg = Release|iPhone
		{C4D7E96C-B217-48C9-A2D7-B4E4F61A1E4E}.Release|iPhone.Build.0 = Release|iPhone
		{C4D7E96C-B217-48C9-A2D7-B4E4F61A1E4E}.Release|iPhone.Deploy.0 = Release|iPhone
		{C4D7E96C-B217-48C9-A2D7-B4E4F61A1E4E}.Release|iPhoneSimulator.ActiveCfg = Release|iPhoneSimulator
		{C4D7E96C-B217-48C9-A2D7-B4E4F61A1E4E}.Release|iPhoneSimulator.Build.0 = Release|iPhoneSimulator
		{C4D7E96C-B217-48C9-A2D7-B4E4F61A1E4E}.Release|iPhoneSimulator.Deploy.0 = Release|iPhoneSimulator
		{EAD3AE15-5140-4BD9-AA16-621BC1E46CCB}.Ad-Hoc|Any CPU.ActiveCfg = Debug|Any CPU
		{EAD3AE15-5140-4BD9-AA16-621BC1E46CCB}.Ad-Hoc|Any CPU.Build.0 = Debug|Any CPU
		{EAD3AE15-5140-4BD9-AA16-621BC1E46CCB}.Ad-Hoc|Any CPU.Deploy.0 = Debug|Any CPU
		{EAD3AE15-5140-4BD9-AA16-621BC1E46CCB}.Ad-Hoc|iPhone.ActiveCfg = Debug|Any CPU
		{EAD3AE15-5140-4BD9-AA16-621BC1E46CCB}.Ad-Hoc|iPhone.Build.0 = Debug|Any CPU
		{EAD3AE15-5140-4BD9-AA16-621BC1E46CCB}.Ad-Hoc|iPhone.Deploy.0 = Debug|Any CPU
		{EAD3AE15-5140-4BD9-AA16-621BC1E46CCB}.Ad-Hoc|iPhoneSimulator.ActiveCfg = Debug|Any CPU
		{EAD3AE15-5140-4BD9-AA16-621BC1E46CCB}.Ad-Hoc|iPhoneSimulator.Build.0 = Debug|Any CPU
		{EAD3AE15-5140-4BD9-AA16-621BC1E46CCB}.Ad-Hoc|iPhoneSimulator.Deploy.0 = Debug|Any CPU
		{EAD3AE15-5140-4BD9-AA16-621BC1E46CCB}.AppStore|Any CPU.ActiveCfg = Debug|Any CPU
		{EAD3AE15-5140-4BD9-AA16-621BC1E46CCB}.AppStore|Any CPU.Build.0 = Debug|Any CPU
		{EAD3AE15-5140-4BD9-AA16-621BC1E46CCB}.AppStore|Any CPU.Deploy.0 = Debug|Any CPU
		{EAD3AE15-5140-4BD9-AA16-621BC1E46CCB}.AppStore|iPhone.ActiveCfg = Debug|Any CPU
		{EAD3AE15-5140-4BD9-AA16-621BC1E46CCB}.AppStore|iPhone.Build.0 = Debug|Any CPU
		{EAD3AE15-5140-4BD9-AA16-621BC1E46CCB}.AppStore|iPhone.Deploy.0 = Debug|Any CPU
		{EAD3AE15-5140-4BD9-AA16-621BC1E46CCB}.AppStore|iPhoneSimulator.ActiveCfg = Debug|Any CPU
		{EAD3AE15-5140-4BD9-AA16-621BC1E46CCB}.AppStore|iPhoneSimulator.Build.0 = Debug|Any CPU
		{EAD3AE15-5140-4BD9-AA16-621BC1E46CCB}.AppStore|iPhoneSimulator.Deploy.0 = Debug|Any CPU
		{EAD3AE15-5140-4BD9-AA16-621BC1E46CCB}.Debug|Any CPU.ActiveCfg = Debug|Any CPU
		{EAD3AE15-5140-4BD9-AA16-621BC1E46CCB}.Debug|Any CPU.Build.0 = Debug|Any CPU
		{EAD3AE15-5140-4BD9-AA16-621BC1E46CCB}.Debug|Any CPU.Deploy.0 = Debug|Any CPU
		{EAD3AE15-5140-4BD9-AA16-621BC1E46CCB}.Debug|iPhone.ActiveCfg = Debug|Any CPU
		{EAD3AE15-5140-4BD9-AA16-621BC1E46CCB}.Debug|iPhone.Build.0 = Debug|Any CPU
		{EAD3AE15-5140-4BD9-AA16-621BC1E46CCB}.Debug|iPhone.Deploy.0 = Debug|Any CPU
		{EAD3AE15-5140-4BD9-AA16-621BC1E46CCB}.Debug|iPhoneSimulator.ActiveCfg = Debug|Any CPU
		{EAD3AE15-5140-4BD9-AA16-621BC1E46CCB}.Debug|iPhoneSimulator.Build.0 = Debug|Any CPU
		{EAD3AE15-5140-4BD9-AA16-621BC1E46CCB}.Debug|iPhoneSimulator.Deploy.0 = Debug|Any CPU
		{EAD3AE15-5140-4BD9-AA16-621BC1E46CCB}.Release|Any CPU.ActiveCfg = Release|Any CPU
		{EAD3AE15-5140-4BD9-AA16-621BC1E46CCB}.Release|Any CPU.Build.0 = Release|Any CPU
		{EAD3AE15-5140-4BD9-AA16-621BC1E46CCB}.Release|Any CPU.Deploy.0 = Release|Any CPU
		{EAD3AE15-5140-4BD9-AA16-621BC1E46CCB}.Release|iPhone.ActiveCfg = Release|Any CPU
		{EAD3AE15-5140-4BD9-AA16-621BC1E46CCB}.Release|iPhone.Build.0 = Release|Any CPU
		{EAD3AE15-5140-4BD9-AA16-621BC1E46CCB}.Release|iPhone.Deploy.0 = Release|Any CPU
		{EAD3AE15-5140-4BD9-AA16-621BC1E46CCB}.Release|iPhoneSimulator.ActiveCfg = Release|Any CPU
		{EAD3AE15-5140-4BD9-AA16-621BC1E46CCB}.Release|iPhoneSimulator.Build.0 = Release|Any CPU
		{EAD3AE15-5140-4BD9-AA16-621BC1E46CCB}.Release|iPhoneSimulator.Deploy.0 = Release|Any CPU
		{115AE300-BF16-4D97-90AD-9AF48EC04D71}.Ad-Hoc|Any CPU.ActiveCfg = Debug|Any CPU
		{115AE300-BF16-4D97-90AD-9AF48EC04D71}.Ad-Hoc|Any CPU.Build.0 = Debug|Any CPU
		{115AE300-BF16-4D97-90AD-9AF48EC04D71}.Ad-Hoc|iPhone.ActiveCfg = Debug|Any CPU
		{115AE300-BF16-4D97-90AD-9AF48EC04D71}.Ad-Hoc|iPhone.Build.0 = Debug|Any CPU
		{115AE300-BF16-4D97-90AD-9AF48EC04D71}.Ad-Hoc|iPhoneSimulator.ActiveCfg = Debug|Any CPU
		{115AE300-BF16-4D97-90AD-9AF48EC04D71}.Ad-Hoc|iPhoneSimulator.Build.0 = Debug|Any CPU
		{115AE300-BF16-4D97-90AD-9AF48EC04D71}.AppStore|Any CPU.ActiveCfg = Debug|Any CPU
		{115AE300-BF16-4D97-90AD-9AF48EC04D71}.AppStore|Any CPU.Build.0 = Debug|Any CPU
		{115AE300-BF16-4D97-90AD-9AF48EC04D71}.AppStore|iPhone.ActiveCfg = Debug|Any CPU
		{115AE300-BF16-4D97-90AD-9AF48EC04D71}.AppStore|iPhone.Build.0 = Debug|Any CPU
		{115AE300-BF16-4D97-90AD-9AF48EC04D71}.AppStore|iPhoneSimulator.ActiveCfg = Debug|Any CPU
		{115AE300-BF16-4D97-90AD-9AF48EC04D71}.AppStore|iPhoneSimulator.Build.0 = Debug|Any CPU
		{115AE300-BF16-4D97-90AD-9AF48EC04D71}.Debug|Any CPU.ActiveCfg = Debug|Any CPU
		{115AE300-BF16-4D97-90AD-9AF48EC04D71}.Debug|Any CPU.Build.0 = Debug|Any CPU
		{115AE300-BF16-4D97-90AD-9AF48EC04D71}.Debug|iPhone.ActiveCfg = Debug|Any CPU
		{115AE300-BF16-4D97-90AD-9AF48EC04D71}.Debug|iPhone.Build.0 = Debug|Any CPU
		{115AE300-BF16-4D97-90AD-9AF48EC04D71}.Debug|iPhoneSimulator.ActiveCfg = Debug|Any CPU
		{115AE300-BF16-4D97-90AD-9AF48EC04D71}.Debug|iPhoneSimulator.Build.0 = Debug|Any CPU
		{115AE300-BF16-4D97-90AD-9AF48EC04D71}.Release|Any CPU.ActiveCfg = Release|Any CPU
		{115AE300-BF16-4D97-90AD-9AF48EC04D71}.Release|Any CPU.Build.0 = Release|Any CPU
		{115AE300-BF16-4D97-90AD-9AF48EC04D71}.Release|iPhone.ActiveCfg = Release|Any CPU
		{115AE300-BF16-4D97-90AD-9AF48EC04D71}.Release|iPhone.Build.0 = Release|Any CPU
		{115AE300-BF16-4D97-90AD-9AF48EC04D71}.Release|iPhoneSimulator.ActiveCfg = Release|Any CPU
		{115AE300-BF16-4D97-90AD-9AF48EC04D71}.Release|iPhoneSimulator.Build.0 = Release|Any CPU
		{87910D70-E458-478D-B589-D98FB98E40EB}.Ad-Hoc|Any CPU.ActiveCfg = Debug|Any CPU
		{87910D70-E458-478D-B589-D98FB98E40EB}.Ad-Hoc|Any CPU.Build.0 = Debug|Any CPU
		{87910D70-E458-478D-B589-D98FB98E40EB}.Ad-Hoc|iPhone.ActiveCfg = Debug|Any CPU
		{87910D70-E458-478D-B589-D98FB98E40EB}.Ad-Hoc|iPhone.Build.0 = Debug|Any CPU
		{87910D70-E458-478D-B589-D98FB98E40EB}.Ad-Hoc|iPhoneSimulator.ActiveCfg = Debug|Any CPU
		{87910D70-E458-478D-B589-D98FB98E40EB}.Ad-Hoc|iPhoneSimulator.Build.0 = Debug|Any CPU
		{87910D70-E458-478D-B589-D98FB98E40EB}.AppStore|Any CPU.ActiveCfg = Debug|Any CPU
		{87910D70-E458-478D-B589-D98FB98E40EB}.AppStore|Any CPU.Build.0 = Debug|Any CPU
		{87910D70-E458-478D-B589-D98FB98E40EB}.AppStore|iPhone.ActiveCfg = Debug|Any CPU
		{87910D70-E458-478D-B589-D98FB98E40EB}.AppStore|iPhone.Build.0 = Debug|Any CPU
		{87910D70-E458-478D-B589-D98FB98E40EB}.AppStore|iPhoneSimulator.ActiveCfg = Debug|Any CPU
		{87910D70-E458-478D-B589-D98FB98E40EB}.AppStore|iPhoneSimulator.Build.0 = Debug|Any CPU
		{87910D70-E458-478D-B589-D98FB98E40EB}.Debug|Any CPU.ActiveCfg = Debug|Any CPU
		{87910D70-E458-478D-B589-D98FB98E40EB}.Debug|Any CPU.Build.0 = Debug|Any CPU
		{87910D70-E458-478D-B589-D98FB98E40EB}.Debug|iPhone.ActiveCfg = Debug|Any CPU
		{87910D70-E458-478D-B589-D98FB98E40EB}.Debug|iPhone.Build.0 = Debug|Any CPU
		{87910D70-E458-478D-B589-D98FB98E40EB}.Debug|iPhoneSimulator.ActiveCfg = Debug|Any CPU
		{87910D70-E458-478D-B589-D98FB98E40EB}.Debug|iPhoneSimulator.Build.0 = Debug|Any CPU
		{87910D70-E458-478D-B589-D98FB98E40EB}.Release|Any CPU.ActiveCfg = Release|Any CPU
		{87910D70-E458-478D-B589-D98FB98E40EB}.Release|Any CPU.Build.0 = Release|Any CPU
		{87910D70-E458-478D-B589-D98FB98E40EB}.Release|iPhone.ActiveCfg = Release|Any CPU
		{87910D70-E458-478D-B589-D98FB98E40EB}.Release|iPhone.Build.0 = Release|Any CPU
		{87910D70-E458-478D-B589-D98FB98E40EB}.Release|iPhoneSimulator.ActiveCfg = Release|Any CPU
		{87910D70-E458-478D-B589-D98FB98E40EB}.Release|iPhoneSimulator.Build.0 = Release|Any CPU
	EndGlobalSection
	GlobalSection(SolutionProperties) = preSolution
		HideSolutionNode = FALSE
	EndGlobalSection
	GlobalSection(ExtensibilityGlobals) = postSolution
		SolutionGuid = {21970194-2FF3-416E-AB78-8AFFB0495A08}
	EndGlobalSection
EndGlobal
